
Microsoft Visual Studio Solution File, Format Version 12.00
# Visual Studio 15
Project("{FAE04EC0-301F-11D3-BF4B-00C04F79EFBC}") = "kafka.mysql", "kafka.mysql\kafka.mysql.csproj", "{247B8605-AB79-4159-A92D-8C12F61839AB}"
EndProject
Project("{E53339B2-1760-4266-BCC7-CA923CBCF16C}") = "docker-compose", "docker-compose.dcproj", "{B201EDE0-EE00-466D-A5A8-DE1C351F4139}"
EndProject
Project("{2150E333-8FDC-42A3-9474-1A3956D46DE8}") = "connect", "connect", "{9CA2DA4C-717A-4D16-964A-D32230C705ED}"
	ProjectSection(SolutionItems) = preProject
		connect\register-mysql-avro.json = connect\register-mysql-avro.json
	EndProjectSection
EndProject
Global
	GlobalSection(SolutionConfigurationPlatforms) = preSolution
		Debug|Any CPU = Debug|Any CPU
		Release|Any CPU = Release|Any CPU
	EndGlobalSection
	GlobalSection(ProjectConfigurationPlatforms) = postSolution
		{247B8605-AB79-4159-A92D-8C12F61839AB}.Debug|Any CPU.ActiveCfg = Debug|Any CPU
		{247B8605-AB79-4159-A92D-8C12F61839AB}.Debug|Any CPU.Build.0 = Debug|Any CPU
		{247B8605-AB79-4159-A92D-8C12F61839AB}.Release|Any CPU.ActiveCfg = Release|Any CPU
		{247B8605-AB79-4159-A92D-8C12F61839AB}.Release|Any CPU.Build.0 = Release|Any CPU
		{B201EDE0-EE00-466D-A5A8-DE1C351F4139}.Debug|Any CPU.ActiveCfg = Debug|Any CPU
		{B201EDE0-EE00-466D-A5A8-DE1C351F4139}.Debug|Any CPU.Build.0 = Debug|Any CPU
		{B201EDE0-EE00-466D-A5A8-DE1C351F4139}.Release|Any CPU.ActiveCfg = Release|Any CPU
		{B201EDE0-EE00-466D-A5A8-DE1C351F4139}.Release|Any CPU.Build.0 = Release|Any CPU
	EndGlobalSection
EndGlobal
